
Microsoft Visual Studio Solution File, Format Version 12.00
# Visual Studio 15
VisualStudioVersion = 15.0.28307.489
MinimumVisualStudioVersion = 10.0.40219.1
Project("{FAE04EC0-301F-11D3-BF4B-00C04F79EFBC}") = "TeaBoard", "TeaBoard\TeaBoard.csproj", "{CEE8C18E-D314-4B72-B8D7-8E15E5C32A04}"
EndProject
Global
	GlobalSection(SolutionConfigurationPlatforms) = preSolution
		Debug|Any CPU = Debug|Any CPU
		Release|Any CPU = Release|Any CPU
	EndGlobalSection
	GlobalSection(ProjectConfigurationPlatforms) = postSolution
		{CEE8C18E-D314-4B72-B8D7-8E15E5C32A04}.Debug|Any CPU.ActiveCfg = Debug|Any CPU
		{CEE8C18E-D314-4B72-B8D7-8E15E5C32A04}.Debug|Any CPU.Build.0 = Debug|Any CPU
		{CEE8C18E-D314-4B72-B8D7-8E15E5C32A04}.Release|Any CPU.ActiveCfg = Release|Any CPU
		{CEE8C18E-D314-4B72-B8D7-8E15E5C32A04}.Release|Any CPU.Build.0 = Release|Any CPU
	EndGlobalSection
	GlobalSection(SolutionProperties) = preSolution
		HideSolutionNode = FALSE
	EndGlobalSection
	GlobalSection(ExtensibilityGlobals) = postSolution
		SolutionGuid = {5C58A370-0EF8-407A-B1F8-4D0F991EDAEB}
	EndGlobalSection
EndGlobal
